<?xml version="1.0" encoding="utf-8"?>
<Project ToolsVersion="4.0" xmlns="http://schemas.microsoft.com/developer/msbuild/2003">
  <ItemGroup>
    <ClCompile Include="src\gameObjects\Bullet.cpp">
      <Filter>gameObjects</Filter>
    </ClCompile>
    <ClCompile Include="src\gameObjects\Enemy.cpp">
      <Filter>gameObjects</Filter>
    </ClCompile>
    <ClCompile Include="src\gameObjects\player.cpp">
      <Filter>gameObjects</Filter>
    </ClCompile>
    <ClCompile Include="src\system\MoonPatrol.cpp">
      <Filter>system</Filter>
    </ClCompile>
    <ClCompile Include="src\system\draw.cpp">
      <Filter>system</Filter>
    </ClCompile>
    <ClCompile Include="src\gameScreens\statesManager.cpp">
      <Filter>gameScreens</Filter>
    </ClCompile>
    <ClCompile Include="src\gameScreens\gameStates.cpp">
      <Filter>gameScreens</Filter>
    </ClCompile>
    <ClCompile Include="src\gameScreens\menuState.cpp">
      <Filter>gameScreens</Filter>
    </ClCompile>
    <ClCompile Include="src\system\button.cpp">
      <Filter>system</Filter>
    </ClCompile>
    <ClCompile Include="src\system\collisionFunctions.cpp">
      <Filter>system</Filter>
    </ClCompile>
    <ClCompile Include="src\gameLogic\mouseInputs.cpp">
      <Filter>gameLogic</Filter>
    </ClCompile>
    <ClCompile Include="src\gameLogic\keyboardInputs.cpp">
      <Filter>gameLogic</Filter>
    </ClCompile>
    <ClCompile Include="src\gameScreens\gameplayState.cpp">
      <Filter>gameScreens</Filter>
    </ClCompile>
    <ClCompile Include="src\gameLogic\gameLogic.cpp">
      <Filter>gameLogic</Filter>
    </ClCompile>
    <ClCompile Include="src\gameObjects\Obstacle.cpp">
      <Filter>gameObjects</Filter>
    </ClCompile>
    <ClCompile Include="src\gameScreens\initialAnimationScreen.cpp">
      <Filter>gameScreens</Filter>
    </ClCompile>
    <ClCompile Include="src\gameScreens\optionState.cpp">
      <Filter>gameScreens</Filter>
    </ClCompile>
    <ClCompile Include="src\gameScreens\rulesState.cpp">
      <Filter>gameScreens</Filter>
    </ClCompile>
    <ClCompile Include="src\gameScreens\creditsState.cpp">
      <Filter>gameScreens</Filter>
    </ClCompile>
  </ItemGroup>
  <ItemGroup>
    <ClInclude Include="src\gameObjects\player.h">
      <Filter>gameObjects</Filter>
    </ClInclude>
    <ClInclude Include="src\gameObjects\Bullet.h">
      <Filter>gameObjects</Filter>
    </ClInclude>
    <ClInclude Include="src\gameObjects\Enemy.h">
      <Filter>gameObjects</Filter>
    </ClInclude>
    <ClInclude Include="src\system\Circle.h">
      <Filter>system</Filter>
    </ClInclude>
    <ClInclude Include="src\system\draw.h">
      <Filter>system</Filter>
    </ClInclude>
    <ClInclude Include="src\gameScreens\statesManager.h">
      <Filter>gameScreens</Filter>
    </ClInclude>
    <ClInclude Include="src\gameScreens\gameStates.h">
      <Filter>gameScreens</Filter>
    </ClInclude>
    <ClInclude Include="src\gameScreens\menuState.h">
      <Filter>gameScreens</Filter>
    </ClInclude>
    <ClInclude Include="src\system\button.h">
      <Filter>system</Filter>
    </ClInclude>
    <ClInclude Include="src\system\collisionFunctions.h">
      <Filter>system</Filter>
    </ClInclude>
    <ClInclude Include="src\gameLogic\mouseInputs.h">
      <Filter>gameLogic</Filter>
    </ClInclude>
    <ClInclude Include="src\gameLogic\keyboardInputs.h">
      <Filter>gameLogic</Filter>
    </ClInclude>
    <ClInclude Include="src\gameScreens\gameplayState.h">
      <Filter>gameScreens</Filter>
    </ClInclude>
    <ClInclude Include="src\gameLogic\gameLogic.h">
      <Filter>gameLogic</Filter>
    </ClInclude>
    <ClInclude Include="src\gameObjects\Obstacle.h">
      <Filter>gameObjects</Filter>
    </ClInclude>
    <ClInclude Include="src\gameScreens\creditsState.h">
      <Filter>gameScreens</Filter>
    </ClInclude>
    <ClInclude Include="src\gameScreens\initialAnimationScreen.h">
      <Filter>gameScreens</Filter>
    </ClInclude>
    <ClInclude Include="src\gameScreens\optionsState.h">
      <Filter>gameScreens</Filter>
    </ClInclude>
    <ClInclude Include="src\gameScreens\rulesState.h">
      <Filter>gameScreens</Filter>
    </ClInclude>
  </ItemGroup>
  <ItemGroup>
    <Filter Include="gameObjects">
      <UniqueIdentifier>{f4f9244d-a9ce-461f-847c-c33d55beb8e2}</UniqueIdentifier>
    </Filter>
    <Filter Include="gameLogic">
      <UniqueIdentifier>{01ced38b-a38a-4e22-adec-1669e8a2137a}</UniqueIdentifier>
    </Filter>
    <Filter Include="system">
      <UniqueIdentifier>{ee03d379-c15f-49cb-af85-97cee149a69f}</UniqueIdentifier>
    </Filter>
    <Filter Include="gameScreens">
      <UniqueIdentifier>{fdb2959b-f75c-49ad-98e8-ce672383ff5b}</UniqueIdentifier>
    </Filter>
  </ItemGroup>
</Project>